
Microsoft Visual Studio Solution File, Format Version 12.00
# Visual Studio Version 17
VisualStudioVersion = 17.4.33205.214
MinimumVisualStudioVersion = 10.0.40219.1
Project("{FAE04EC0-301F-11D3-BF4B-00C04F79EFBC}") = "WebApi", "WebApi\WebApi.csproj", "{65FF4D99-872F-4C36-953B-5BAF471DAB1D}"
EndProject
Global
	GlobalSection(SolutionConfigurationPlatforms) = preSolution
		Debug|Any CPU = Debug|Any CPU
		Release|Any CPU = Release|Any CPU
	EndGlobalSection
	GlobalSection(ProjectConfigurationPlatforms) = postSolution
		{65FF4D99-872F-4C36-953B-5BAF471DAB1D}.Debug|Any CPU.ActiveCfg = Debug|Any CPU
		{65FF4D99-872F-4C36-953B-5BAF471DAB1D}.Debug|Any CPU.Build.0 = Debug|Any CPU
		{65FF4D99-872F-4C36-953B-5BAF471DAB1D}.Release|Any CPU.ActiveCfg = Release|Any CPU
		{65FF4D99-872F-4C36-953B-5BAF471DAB1D}.Release|Any CPU.Build.0 = Release|Any CPU
	EndGlobalSection
	GlobalSection(SolutionProperties) = preSolution
		HideSolutionNode = FALSE
	EndGlobalSection
	GlobalSection(ExtensibilityGlobals) = postSolution
		SolutionGuid = {40A1F50E-AD6C-408E-AF08-CCCB807387E0}
	EndGlobalSection
EndGlobal
